
Microsoft Visual Studio Solution File, Format Version 12.00
# Visual Studio Version 16
VisualStudioVersion = 16.0.30611.23
MinimumVisualStudioVersion = 10.0.40219.1
Project("{9A19103F-16F7-4668-BE54-9A1E7A4F7556}") = "TiendaServicios.Api.Autor", "TiendaServicios.Api.Autor\TiendaServicios.Api.Autor.csproj", "{517B9EFA-B781-42A1-A09E-6AE765E276F0}"
EndProject
Project("{9A19103F-16F7-4668-BE54-9A1E7A4F7556}") = "TiendaServicios.Api.Libro", "TiendaServicios.Api.Libro\TiendaServicios.Api.Libro.csproj", "{C5CA4036-3C78-4E15-BFC6-29B535959DC6}"
EndProject
Project("{FAE04EC0-301F-11D3-BF4B-00C04F79EFBC}") = "TiendaServicios.Api.CarritoCompra", "TiendaServicios.Api.CarritoCompra\TiendaServicios.Api.CarritoCompra.csproj", "{49D1FA50-5EE6-4D23-A43A-23ABB7358A14}"
EndProject
Project("{FAE04EC0-301F-11D3-BF4B-00C04F79EFBC}") = "TiendaServicios.Api.Libro.Tests", "TiendaServicios.Api.Libro.Tests\TiendaServicios.Api.Libro.Tests.csproj", "{A3717A9C-4166-4E14-86F3-A65EA62F6506}"
EndProject
Global
	GlobalSection(SolutionConfigurationPlatforms) = preSolution
		Debug|Any CPU = Debug|Any CPU
		Release|Any CPU = Release|Any CPU
	EndGlobalSection
	GlobalSection(ProjectConfigurationPlatforms) = postSolution
		{517B9EFA-B781-42A1-A09E-6AE765E276F0}.Debug|Any CPU.ActiveCfg = Debug|Any CPU
		{517B9EFA-B781-42A1-A09E-6AE765E276F0}.Debug|Any CPU.Build.0 = Debug|Any CPU
		{517B9EFA-B781-42A1-A09E-6AE765E276F0}.Release|Any CPU.ActiveCfg = Release|Any CPU
		{517B9EFA-B781-42A1-A09E-6AE765E276F0}.Release|Any CPU.Build.0 = Release|Any CPU
		{C5CA4036-3C78-4E15-BFC6-29B535959DC6}.Debug|Any CPU.ActiveCfg = Debug|Any CPU
		{C5CA4036-3C78-4E15-BFC6-29B535959DC6}.Debug|Any CPU.Build.0 = Debug|Any CPU
		{C5CA4036-3C78-4E15-BFC6-29B535959DC6}.Release|Any CPU.ActiveCfg = Release|Any CPU
		{C5CA4036-3C78-4E15-BFC6-29B535959DC6}.Release|Any CPU.Build.0 = Release|Any CPU
		{49D1FA50-5EE6-4D23-A43A-23ABB7358A14}.Debug|Any CPU.ActiveCfg = Debug|Any CPU
		{49D1FA50-5EE6-4D23-A43A-23ABB7358A14}.Debug|Any CPU.Build.0 = Debug|Any CPU
		{49D1FA50-5EE6-4D23-A43A-23ABB7358A14}.Release|Any CPU.ActiveCfg = Release|Any CPU
		{49D1FA50-5EE6-4D23-A43A-23ABB7358A14}.Release|Any CPU.Build.0 = Release|Any CPU
		{A3717A9C-4166-4E14-86F3-A65EA62F6506}.Debug|Any CPU.ActiveCfg = Debug|Any CPU
		{A3717A9C-4166-4E14-86F3-A65EA62F6506}.Debug|Any CPU.Build.0 = Debug|Any CPU
		{A3717A9C-4166-4E14-86F3-A65EA62F6506}.Release|Any CPU.ActiveCfg = Release|Any CPU
		{A3717A9C-4166-4E14-86F3-A65EA62F6506}.Release|Any CPU.Build.0 = Release|Any CPU
	EndGlobalSection
	GlobalSection(SolutionProperties) = preSolution
		HideSolutionNode = FALSE
	EndGlobalSection
	GlobalSection(ExtensibilityGlobals) = postSolution
		SolutionGuid = {4A7C5A7B-B13A-46BC-A071-B351DED97F7A}
	EndGlobalSection
EndGlobal
